Microsoft Visual Studio Solution File, Format Version 12.00
# Visual Studio Version 18
VisualStudioVersion = 18.0.11222.15 d18.0
MinimumVisualStudioVersion = 10.0.40219.1
Project("{FAE04EC0-301F-11D3-BF4B-00C04F79EFBC}") = "V-Quiz-Backend", "V-Quiz-Backend\V-Quiz-Backend.csproj", "{A2054A04-FA01-84DD-DBAD-8972A4E79A5F}"
EndProject
Project("{FAE04EC0-301F-11D3-BF4B-00C04F79EFBC}") = "V-Quiz-Tests", "V-Quiz-Tests\V-Quiz-Tests.csproj", "{1C5A2511-0F80-489B-8ECA-F299D0BB3621}"
EndProject
Global
	GlobalSection(SolutionConfigurationPlatforms) = preSolution
		Debug|Any CPU = Debug|Any CPU
		Release|Any CPU = Release|Any CPU
	EndGlobalSection
	GlobalSection(ProjectConfigurationPlatforms) = postSolution
		{A2054A04-FA01-84DD-DBAD-8972A4E79A5F}.Debug|Any CPU.ActiveCfg = Debug|Any CPU
		{A2054A04-FA01-84DD-DBAD-8972A4E79A5F}.Debug|Any CPU.Build.0 = Debug|Any CPU
		{A2054A04-FA01-84DD-DBAD-8972A4E79A5F}.Release|Any CPU.ActiveCfg = Release|Any CPU
		{A2054A04-FA01-84DD-DBAD-8972A4E79A5F}.Release|Any CPU.Build.0 = Release|Any CPU
		{1C5A2511-0F80-489B-8ECA-F299D0BB3621}.Debug|Any CPU.ActiveCfg = Debug|Any CPU
		{1C5A2511-0F80-489B-8ECA-F299D0BB3621}.Debug|Any CPU.Build.0 = Debug|Any CPU
		{1C5A2511-0F80-489B-8ECA-F299D0BB3621}.Release|Any CPU.ActiveCfg = Release|Any CPU
		{1C5A2511-0F80-489B-8ECA-F299D0BB3621}.Release|Any CPU.Build.0 = Release|Any CPU
	EndGlobalSection
	GlobalSection(SolutionProperties) = preSolution
		HideSolutionNode = FALSE
	EndGlobalSection
EndGlobal
